
Microsoft Visual Studio Solution File, Format Version 12.00
# Visual Studio Version 17
VisualStudioVersion = 17.0.31808.319
MinimumVisualStudioVersion = 10.0.40219.1
Project("{FAE04EC0-301F-11D3-BF4B-00C04F79EFBC}") = "GenshinImpactHelper", "GenshinImpactHelper\GenshinImpactHelper.csproj", "{5CF40C55-9341-43D0-B1B6-090734B6D19B}"
EndProject
Global
	GlobalSection(SolutionConfigurationPlatforms) = preSolution
		Debug|Any CPU = Debug|Any CPU
		Release|Any CPU = Release|Any CPU
	EndGlobalSection
	GlobalSection(ProjectConfigurationPlatforms) = postSolution
		{5CF40C55-9341-43D0-B1B6-090734B6D19B}.Debug|Any CPU.ActiveCfg = Debug|Any CPU
		{5CF40C55-9341-43D0-B1B6-090734B6D19B}.Debug|Any CPU.Build.0 = Debug|Any CPU
		{5CF40C55-9341-43D0-B1B6-090734B6D19B}.Release|Any CPU.ActiveCfg = Release|Any CPU
		{5CF40C55-9341-43D0-B1B6-090734B6D19B}.Release|Any CPU.Build.0 = Release|Any CPU
	EndGlobalSection
	GlobalSection(SolutionProperties) = preSolution
		HideSolutionNode = FALSE
	EndGlobalSection
	GlobalSection(ExtensibilityGlobals) = postSolution
		SolutionGuid = {E6EC743D-FB06-41F0-85D0-69AF6B90AABF}
	EndGlobalSection
EndGlobal
